
Microsoft Visual Studio Solution File, Format Version 12.00
# Visual Studio Version 17
VisualStudioVersion = 17.11.35327.3
MinimumVisualStudioVersion = 10.0.40219.1
Project("{FAE04EC0-301F-11D3-BF4B-00C04F79EFBC}") = "TwentyOne", "TwentyOne\TwentyOne.csproj", "{ED443764-DA5B-48A1-B9AA-CBC632075379}"
EndProject
Global
	GlobalSection(SolutionConfigurationPlatforms) = preSolution
		Debug|Any CPU = Debug|Any CPU
		Release|Any CPU = Release|Any CPU
	EndGlobalSection
	GlobalSection(ProjectConfigurationPlatforms) = postSolution
		{ED443764-DA5B-48A1-B9AA-CBC632075379}.Debug|Any CPU.ActiveCfg = Debug|Any CPU
		{ED443764-DA5B-48A1-B9AA-CBC632075379}.Debug|Any CPU.Build.0 = Debug|Any CPU
		{ED443764-DA5B-48A1-B9AA-CBC632075379}.Release|Any CPU.ActiveCfg = Release|Any CPU
		{ED443764-DA5B-48A1-B9AA-CBC632075379}.Release|Any CPU.Build.0 = Release|Any CPU
	EndGlobalSection
	GlobalSection(SolutionProperties) = preSolution
		HideSolutionNode = FALSE
	EndGlobalSection
	GlobalSection(ExtensibilityGlobals) = postSolution
		SolutionGuid = {7B44A830-9E6E-4EC5-8738-912CA1F7D251}
	EndGlobalSection
EndGlobal
